
Microsoft Visual Studio Solution File, Format Version 12.00
# Visual Studio Version 17
VisualStudioVersion = 17.11.35303.130
MinimumVisualStudioVersion = 10.0.40219.1
Project("{FAE04EC0-301F-11D3-BF4B-00C04F79EFBC}") = "OrderService", "OrderService.csproj", "{F030E217-0929-4521-A44B-D1AE70B764E8}"
EndProject
Global
	GlobalSection(SolutionConfigurationPlatforms) = preSolution
		Debug|Any CPU = Debug|Any CPU
		Release|Any CPU = Release|Any CPU
	EndGlobalSection
	GlobalSection(ProjectConfigurationPlatforms) = postSolution
		{F030E217-0929-4521-A44B-D1AE70B764E8}.Debug|Any CPU.ActiveCfg = Debug|Any CPU
		{F030E217-0929-4521-A44B-D1AE70B764E8}.Debug|Any CPU.Build.0 = Debug|Any CPU
		{F030E217-0929-4521-A44B-D1AE70B764E8}.Release|Any CPU.ActiveCfg = Release|Any CPU
		{F030E217-0929-4521-A44B-D1AE70B764E8}.Release|Any CPU.Build.0 = Release|Any CPU
	EndGlobalSection
	GlobalSection(SolutionProperties) = preSolution
		HideSolutionNode = FALSE
	EndGlobalSection
	GlobalSection(ExtensibilityGlobals) = postSolution
		SolutionGuid = {81F8D3FE-6E00-4702-9A51-B03CD2656D53}
	EndGlobalSection
EndGlobal
